// !$*UTF8*$!
{
	archiveVersion = 1;
	classes = {
	};
	objectVersion = 55;
	objects = {

/* Begin PBXBuildFile section */
		C82F75FD2893AF24003F9DBC /* Extension.swift in Sources */ = {isa = PBXBuildFile; fileRef = C82F75FC2893AF24003F9DBC /* Extension.swift */; };
		C82F76042893B398003F9DBC /* NetworkManager.swift in Sources */ = {isa = PBXBuildFile; fileRef = C82F76032893B398003F9DBC /* NetworkManager.swift */; };
		C84E45712891A57B00C02C9D /* AppDelegate.swift in Sources */ = {isa = PBXBuildFile; fileRef = C84E45702891A57B00C02C9D /* AppDelegate.swift */; };
		C84E45732891A57B00C02C9D /* SceneDelegate.swift in Sources */ = {isa = PBXBuildFile; fileRef = C84E45722891A57B00C02C9D /* SceneDelegate.swift */; };
		C84E45752891A57B00C02C9D /* ViewController.swift in Sources */ = {isa = PBXBuildFile; fileRef = C84E45742891A57B00C02C9D /* ViewController.swift */; };
		C84E45782891A57B00C02C9D /* Main.storyboard in Resources */ = {isa = PBXBuildFile; fileRef = C84E45762891A57B00C02C9D /* Main.storyboard */; };
		C84E457A2891A58100C02C9D /* Assets.xcassets in Resources */ = {isa = PBXBuildFile; fileRef = C84E45792891A58100C02C9D /* Assets.xcassets */; };
		C84E457D2891A58100C02C9D /* LaunchScreen.storyboard in Resources */ = {isa = PBXBuildFile; fileRef = C84E457B2891A58100C02C9D /* LaunchScreen.storyboard */; };
		C8D9BA192895465A00B24FC5 /* WeatherData.swift in Sources */ = {isa = PBXBuildFile; fileRef = C8D9BA182895465A00B24FC5 /* WeatherData.swift */; };
/* End PBXBuildFile section */

/* Begin PBXFileReference section */
		C82F75FC2893AF24003F9DBC /* Extension.swift */ = {isa = PBXFileReference; lastKnownFileType = sourcecode.swift; path = Extension.swift; sourceTree = "<group>"; };
		C82F76032893B398003F9DBC /* NetworkManager.swift */ = {isa = PBXFileReference; lastKnownFileType = sourcecode.swift; path = NetworkManager.swift; sourceTree = "<group>"; };
		C84E456D2891A57B00C02C9D /* Weather.app */ = {isa = PBXFileReference; explicitFileType = wrapper.application; includeInIndex = 0; path = Weather.app; sourceTree = BUILT_PRODUCTS_DIR; };
		C84E45702891A57B00C02C9D /* AppDelegate.swift */ = {isa = PBXFileReference; lastKnownFileType = sourcecode.swift; path = AppDelegate.swift; sourceTree = "<group>"; };
		C84E45722891A57B00C02C9D /* SceneDelegate.swift */ = {isa = PBXFileReference; lastKnownFileType = sourcecode.swift; path = SceneDelegate.swift; sourceTree = "<group>"; };
		C84E45742891A57B00C02C9D /* ViewController.swift */ = {isa = PBXFileReference; lastKnownFileType = sourcecode.swift; path = ViewController.swift; sourceTree = "<group>"; };
		C84E45772891A57B00C02C9D /* Base */ = {isa = PBXFileReference; lastKnownFileType = file.storyboard; name = Base; path = Base.lproj/Main.storyboard; sourceTree = "<group>"; };
		C84E45792891A58100C02C9D /* Assets.xcassets */ = {isa = PBXFileReference; lastKnownFileType = folder.assetcatalog; path = Assets.xcassets; sourceTree = "<group>"; };
		C84E457C2891A58100C02C9D /* Base */ = {isa = PBXFileReference; lastKnownFileType = file.storyboard; name = Base; path = Base.lproj/LaunchScreen.storyboard; sourceTree = "<group>"; };
		C84E457E2891A58100C02C9D /* Info.plist */ = {isa = PBXFileReference; lastKnownFileType = text.plist.xml; path = Info.plist; sourceTree = "<group>"; };
		C8D9BA182895465A00B24FC5 /* WeatherData.swift */ = {isa = PBXFileReference; lastKnownFileType = sourcecode.swift; path = WeatherData.swift; sourceTree = "<group>"; };
/* End PBXFileReference section */

/* Begin PBXFrameworksBuildPhase section */
		C84E456A2891A57B00C02C9D /* Frameworks */ = {
			isa = PBXFrameworksBuildPhase;
			buildActionMask = 2147483647;
			files = (
			);
			runOnlyForDeploymentPostprocessing = 0;
		};
/* End PBXFrameworksBuildPhase section */

/* Begin PBXGroup section */
		C82F75FB2893AF0C003F9DBC /* Extension */ = {
			isa = PBXGroup;
			children = (
				C82F75FC2893AF24003F9DBC /* Extension.swift */,
			);
			path = Extension;
			sourceTree = "<group>";
		};
		C82F75FE2893B0EA003F9DBC /* Model */ = {
			isa = PBXGroup;
			children = (
				C82F76032893B398003F9DBC /* NetworkManager.swift */,
				C8D9BA182895465A00B24FC5 /* WeatherData.swift */,
			);
			path = Model;
			sourceTree = "<group>";
		};
		C82F75FF2893B0F1003F9DBC /* ViewController */ = {
			isa = PBXGroup;
			children = (
				C84E45742891A57B00C02C9D /* ViewController.swift */,
			);
			path = ViewController;
			sourceTree = "<group>";
		};
		C82F76002893B109003F9DBC /* AppDelegate */ = {
			isa = PBXGroup;
			children = (
				C84E45702891A57B00C02C9D /* AppDelegate.swift */,
				C84E45722891A57B00C02C9D /* SceneDelegate.swift */,
			);
			path = AppDelegate;
			sourceTree = "<group>";
		};
		C82F76012893B19D003F9DBC /* Resources */ = {
			isa = PBXGroup;
			children = (
				C84E45792891A58100C02C9D /* Assets.xcassets */,
				C84E457E2891A58100C02C9D /* Info.plist */,
			);
			path = Resources;
			sourceTree = "<group>";
		};
		C82F76022893B23A003F9DBC /* Views */ = {
			isa = PBXGroup;
			children = (
				C84E457B2891A58100C02C9D /* LaunchScreen.storyboard */,
				C84E45762891A57B00C02C9D /* Main.storyboard */,
			);
			path = Views;
			sourceTree = "<group>";
		};
		C84E45642891A57B00C02C9D = {
			isa = PBXGroup;
			children = (
				C84E456F2891A57B00C02C9D /* Weather */,
				C84E456E2891A57B00C02C9D /* Products */,
			);
			sourceTree = "<group>";
		};
		C84E456E2891A57B00C02C9D /* Products */ = {
			isa = PBXGroup;
			children = (
				C84E456D2891A57B00C02C9D /* Weather.app */,
			);
			name = Products;
			sourceTree = "<group>";
		};
		C84E456F2891A57B00C02C9D /* Weather */ = {
			isa = PBXGroup;
			children = (
				C82F75FE2893B0EA003F9DBC /* Model */,
				C82F75FF2893B0F1003F9DBC /* ViewController */,
				C82F76002893B109003F9DBC /* AppDelegate */,
				C82F76022893B23A003F9DBC /* Views */,
				C82F75FB2893AF0C003F9DBC /* Extension */,
				C82F76012893B19D003F9DBC /* Resources */,
			);
			path = Weather;
			sourceTree = "<group>";
		};
/* End PBXGroup section */

/* Begin PBXNativeTarget section */
		C84E456C2891A57B00C02C9D /* Weather */ = {
			isa = PBXNativeTarget;
			buildConfigurationList = C84E45812891A58100C02C9D /* Build configuration list for PBXNativeTarget "Weather" */;
			buildPhases = (
				C84E45692891A57B00C02C9D /* Sources */,
				C84E456A2891A57B00C02C9D /* Frameworks */,
				C84E456B2891A57B00C02C9D /* Resources */,
			);
			buildRules = (
			);
			dependencies = (
			);
			name = Weather;
			productName = Weather;
			productReference = C84E456D2891A57B00C02C9D /* Weather.app */;
			productType = "com.apple.product-type.application";
		};
/* End PBXNativeTarget section */

/* Begin PBXProject section */
		C84E45652891A57B00C02C9D /* Project object */ = {
			isa = PBXProject;
			attributes = {
				BuildIndependentTargetsInParallel = 1;
				LastSwiftUpdateCheck = 1330;
				LastUpgradeCheck = 1330;
				TargetAttributes = {
					C84E456C2891A57B00C02C9D = {
						CreatedOnToolsVersion = 13.3.1;
					};
				};
			};
			buildConfigurationList = C84E45682891A57B00C02C9D /* Build configuration list for PBXProject "Weather" */;
			compatibilityVersion = "Xcode 13.0";
			developmentRegion = en;
			hasScannedForEncodings = 0;
			knownRegions = (
				en,
				Base,
			);
			mainGroup = C84E45642891A57B00C02C9D;
			productRefGroup = C84E456E2891A57B00C02C9D /* Products */;
			projectDirPath = "";
			projectRoot = "";
			targets = (
				C84E456C2891A57B00C02C9D /* Weather */,
			);
		};
/* End PBXProject section */

/* Begin PBXResourcesBuildPhase section */
		C84E456B2891A57B00C02C9D /* Resources */ = {
			isa = PBXResourcesBuildPhase;
			buildActionMask = 2147483647;
			files = (
				C84E457D2891A58100C02C9D /* LaunchScreen.storyboard in Resources */,
				C84E457A2891A58100C02C9D /* Assets.xcassets in Resources */,
				C84E45782891A57B00C02C9D /* Main.storyboard in Resources */,
			);
			runOnlyForDeploymentPostprocessing = 0;
		};
/* End PBXResourcesBuildPhase section */

/* Begin PBXSourcesBuildPhase section */
		C84E45692891A57B00C02C9D /* Sources */ = {
			isa = PBXSourcesBuildPhase;
			buildActionMask = 2147483647;
			files = (
				C84E45752891A57B00C02C9D /* ViewController.swift in Sources */,
				C84E45712891A57B00C02C9D /* AppDelegate.swift in Sources */,
				C82F76042893B398003F9DBC /* NetworkManager.swift in Sources */,
				C84E45732891A57B00C02C9D /* SceneDelegate.swift in Sources */,
				C8D9BA192895465A00B24FC5 /* WeatherData.swift in Sources */,
				C82F75FD2893AF24003F9DBC /* Extension.swift in Sources */,
			);
			runOnlyForDeploymentPostprocessing = 0;
		};
/* End PBXSourcesBuildPhase section */

/* Begin PBXVariantGroup section */
		C84E45762891A57B00C02C9D /* Main.storyboard */ = {
			isa = PBXVariantGroup;
			children = (
				C84E45772891A57B00C02C9D /* Base */,
			);
			name = Main.storyboard;
			sourceTree = "<group>";
		};
		C84E457B2891A58100C02C9D /* LaunchScreen.storyboard */ = {
			isa = PBXVariantGroup;
			children = (
				C84E457C2891A58100C02C9D /* Base */,
			);
			name = LaunchScreen.storyboard;
			sourceTree = "<group>";
		};
/* End PBXVariantGroup section */

/* Begin XCBuildConfiguration section */
		C84E457F2891A58100C02C9D /* Debug */ = {
			isa = XCBuildConfiguration;
			buildSettings = {
				ALWAYS_SEARCH_USER_PATHS = NO;
				CLANG_ANALYZER_NONNULL = YES;
				CLANG_ANALYZER_NUMBER_OBJECT_CONVERSION = YES_AGGRESSIVE;
				CLANG_CXX_LANGUAGE_STANDARD = "gnu++17";
				CLANG_ENABLE_MODULES = YES;
				CLANG_ENABLE_OBJC_ARC = YES;
				CLANG_ENABLE_OBJC_WEAK = YES;
				CLANG_WARN_BLOCK_CAPTURE_AUTORELEASING = YES;
				CLANG_WARN_BOOL_CONVERSION = YES;
				CLANG_WARN_COMMA = YES;
				CLANG_WARN_CONSTANT_CONVERSION = YES;
				CLANG_WARN_DEPRECATED_OBJC_IMPLEMENTATIONS = YES;
				CLANG_WARN_DIRECT_OBJC_ISA_USAGE = YES_ERROR;
				CLANG_WARN_DOCUMENTATION_COMMENTS = YES;
				CLANG_WARN_EMPTY_BODY = YES;
				CLANG_WARN_ENUM_CONVERSION = YES;
				CLANG_WARN_INFINITE_RECURSION = YES;
				CLANG_WARN_INT_CONVERSION = YES;
				CLANG_WARN_NON_LITERAL_NULL_CONVERSION = YES;
				CLANG_WARN_OBJC_IMPLICIT_RETAIN_SELF = YES;
				CLANG_WARN_OBJC_LITERAL_CONVERSION = YES;
				CLANG_WARN_OBJC_ROOT_CLASS = YES_ERROR;
				CLANG_WARN_QUOTED_INCLUDE_IN_FRAMEWORK_HEADER = YES;
				CLANG_WARN_RANGE_LOOP_ANALYSIS = YES;
				CLANG_WARN_STRICT_PROTOTYPES = YES;
				CLANG_WARN_SUSPICIOUS_MOVE = YES;
				CLANG_WARN_UNGUARDED_AVAILABILITY = YES_AGGRESSIVE;
				CLANG_WARN_UNREACHABLE_CODE = YES;
				CLANG_WARN__DUPLICATE_METHOD_MATCH = YES;
				COPY_PHASE_STRIP = NO;
				DEBUG_INFORMATION_FORMAT = dwarf;
				ENABLE_STRICT_OBJC_MSGSEND = YES;
				ENABLE_TESTABILITY = YES;
				GCC_C_LANGUAGE_STANDARD = gnu11;
				GCC_DYNAMIC_NO_PIC = NO;
				GCC_NO_COMMON_BLOCKS = YES;
				GCC_OPTIMIZATION_LEVEL = 0;
				GCC_PREPROCESSOR_DEFINITIONS = (
					"DEBUG=1",
					"$(inherited)",
				);
				GCC_WARN_64_TO_32_BIT_CONVERSION = YES;
				GCC_WARN_ABOUT_RETURN_TYPE = YES_ERROR;
				GCC_WARN_UNDECLARED_SELECTOR = YES;
				GCC_WARN_UNINITIALIZED_AUTOS = YES_AGGRESSIVE;
				GCC_WARN_UNUSED_FUNCTION = YES;
				GCC_WARN_UNUSED_VARIABLE = YES;
				IPHONEOS_DEPLOYMENT_TARGET = 15.4;
				MTL_ENABLE_DEBUG_INFO = INCLUDE_SOURCE;
				MTL_FAST_MATH = YES;
				ONLY_ACTIVE_ARCH = YES;
				SDKROOT = iphoneos;
				SWIFT_ACTIVE_COMPILATION_CONDITIONS = DEBUG;
				SWIFT_OPTIMIZATION_LEVEL = "-Onone";
			};
			name = Debug;
		};
		C84E45802891A58100C02C9D /* Release */ = {
			isa = XCBuildConfiguration;
			buildSettings = {
				ALWAYS_SEARCH_USER_PATHS = NO;
				CLANG_ANALYZER_NONNULL = YES;
				CLANG_ANALYZER_NUMBER_OBJECT_CONVERSION = YES_AGGRESSIVE;
				CLANG_CXX_LANGUAGE_STANDARD = "gnu++17";
				CLANG_ENABLE_MODULES = YES;
				CLANG_ENABLE_OBJC_ARC = YES;
				CLANG_ENABLE_OBJC_WEAK = YES;
				CLANG_WARN_BLOCK_CAPTURE_AUTORELEASING = YES;
				CLANG_WARN_BOOL_CONVERSION = YES;
				CLANG_WARN_COMMA = YES;
				CLANG_WARN_CONSTANT_CONVERSION = YES;
				CLANG_WARN_DEPRECATED_OBJC_IMPLEMENTATIONS = YES;
				CLANG_WARN_DIRECT_OBJC_ISA_USAGE = YES_ERROR;
				CLANG_WARN_DOCUMENTATION_COMMENTS = YES;
				CLANG_WARN_EMPTY_BODY = YES;
				CLANG_WARN_ENUM_CONVERSION = YES;
				CLANG_WARN_INFINITE_RECURSION = YES;
				CLANG_WARN_INT_CONVERSION = YES;
				CLANG_WARN_NON_LITERAL_NULL_CONVERSION = YES;
				CLANG_WARN_OBJC_IMPLICIT_RETAIN_SELF = YES;
				CLANG_WARN_OBJC_LITERAL_CONVERSION = YES;
				CLANG_WARN_OBJC_ROOT_CLASS = YES_ERROR;
				CLANG_WARN_QUOTED_INCLUDE_IN_FRAMEWORK_HEADER = YES;
				CLANG_WARN_RANGE_LOOP_ANALYSIS = YES;
				CLANG_WARN_STRICT_PROTOTYPES = YES;
				CLANG_WARN_SUSPICIOUS_MOVE = YES;
				CLANG_WARN_UNGUARDED_AVAILABILITY = YES_AGGRESSIVE;
				CLANG_WARN_UNREACHABLE_CODE = YES;
				CLANG_WARN__DUPLICATE_METHOD_MATCH = YES;
				COPY_PHASE_STRIP = NO;
				DEBUG_INFORMATION_FORMAT = "dwarf-with-dsym";
				ENABLE_NS_ASSERTIONS = NO;
				ENABLE_STRICT_OBJC_MSGSEND = YES;
				GCC_C_LANGUAGE_STANDARD = gnu11;
				GCC_NO_COMMON_BLOCKS = YES;
				GCC_WARN_64_TO_32_BIT_CONVERSION = YES;
				GCC_WARN_ABOUT_RETURN_TYPE = YES_ERROR;
				GCC_WARN_UNDECLARED_SELECTOR = YES;
				GCC_WARN_UNINITIALIZED_AUTOS = YES_AGGRESSIVE;
				GCC_WARN_UNUSED_FUNCTION = YES;
				GCC_WARN_UNUSED_VARIABLE = YES;
				IPHONEOS_DEPLOYMENT_TARGET = 15.4;
				MTL_ENABLE_DEBUG_INFO = NO;
				MTL_FAST_MATH = YES;
				SDKROOT = iphoneos;
				SWIFT_COMPILATION_MODE = wholemodule;
				SWIFT_OPTIMIZATION_LEVEL = "-O";
				VALIDATE_PRODUCT = YES;
			};
			name = Release;
		};
		C84E45822891A58100C02C9D /* Debug */ = {
			isa = XCBuildConfiguration;
			buildSettings = {
				ASSETCATALOG_COMPILER_APPICON_NAME = AppIcon;
				ASSETCATALOG_COMPILER_GLOBAL_ACCENT_COLOR_NAME = AccentColor;
				CODE_SIGN_STYLE = Automatic;
				CURRENT_PROJECT_VERSION = 1;
				GENERATE_INFOPLIST_FILE = YES;
				INFOPLIST_FILE = Weather/Info.plist;
				INFOPLIST_KEY_UIApplicationSupportsIndirectInputEvents = YES;
				INFOPLIST_KEY_UILaunchStoryboardName = LaunchScreen;
				INFOPLIST_KEY_UIMainStoryboardFile = Main;
				INFOPLIST_KEY_UISupportedInterfaceOrientations_iPad = "UIInterfaceOrientationPortrait UIInterfaceOrientationPortraitUpsideDown UIInterfaceOrientationLandscapeLeft UIInterfaceOrientationLandscapeRight";
				INFOPLIST_KEY_UISupportedInterfaceOrientations_iPhone = "UIInterfaceOrientationPortrait UIInterfaceOrientationLandscapeLeft UIInterfaceOrientationLandscapeRight";
				LD_RUNPATH_SEARCH_PATHS = (
					"$(inherited)",
					"@executable_path/Frameworks",
				);
				MARKETING_VERSION = 1.0;
				PRODUCT_BUNDLE_IDENTIFIER = com.raywenderlich.Weather;
				PRODUCT_NAME = "$(TARGET_NAME)";
				SWIFT_EMIT_LOC_STRINGS = YES;
				SWIFT_VERSION = 5.0;
				TARGETED_DEVICE_FAMILY = "1,2";
			};
			name = Debug;
		};
		C84E45832891A58100C02C9D /* Release */ = {
			isa = XCBuildConfiguration;
			buildSettings = {
				ASSETCATALOG_COMPILER_APPICON_NAME = AppIcon;
				ASSETCATALOG_COMPILER_GLOBAL_ACCENT_COLOR_NAME = AccentColor;
				CODE_SIGN_STYLE = Automatic;
				CURRENT_PROJECT_VERSION = 1;
				GENERATE_INFOPLIST_FILE = YES;
				INFOPLIST_FILE = Weather/Info.plist;
				INFOPLIST_KEY_UIApplicationSupportsIndirectInputEvents = YES;
				INFOPLIST_KEY_UILaunchStoryboardName = LaunchScreen;
				INFOPLIST_KEY_UIMainStoryboardFile = Main;
				INFOPLIST_KEY_UISupportedInterfaceOrientations_iPad = "UIInterfaceOrientationPortrait UIInterfaceOrientationPortraitUpsideDown UIInterfaceOrientationLandscapeLeft UIInterfaceOrientationLandscapeRight";
				INFOPLIST_KEY_UISupportedInterfaceOrientations_iPhone = "UIInterfaceOrientationPortrait UIInterfaceOrientationLandscapeLeft UIInterfaceOrientationLandscapeRight";
				LD_RUNPATH_SEARCH_PATHS = (
					"$(inherited)",
					"@executable_path/Frameworks",
				);
				MARKETING_VERSION = 1.0;
				PRODUCT_BUNDLE_IDENTIFIER = com.raywenderlich.Weather;
				PRODUCT_NAME = "$(TARGET_NAME)";
				SWIFT_EMIT_LOC_STRINGS = YES;
				SWIFT_VERSION = 5.0;
				TARGETED_DEVICE_FAMILY = "1,2";
			};
			name = Release;
		};
/* End XCBuildConfiguration section */

/* Begin XCConfigurationList section */
		C84E45682891A57B00C02C9D /* Build configuration list for PBXProject "Weather" */ = {
			isa = XCConfigurationList;
			buildConfigurations = (
				C84E457F2891A58100C02C9D /* Debug */,
				C84E45802891A58100C02C9D /* Release */,
			);
			defaultConfigurationIsVisible = 0;
			defaultConfigurationName = Release;
		};
		C84E45812891A58100C02C9D /* Build configuration list for PBXNativeTarget "Weather" */ = {
			isa = XCConfigurationList;
			buildConfigurations = (
				C84E45822891A58100C02C9D /* Debug */,
				C84E45832891A58100C02C9D /* Release */,
			);
			defaultConfigurationIsVisible = 0;
			defaultConfigurationName = Release;
		};
/* End XCConfigurationList section */
	};
	rootObject = C84E45652891A57B00C02C9D /* Project object */;
}
